<?xml version="1.0" encoding="UTF-8" standalone="yes" ?>
<CodeBlocks_project_file>
	<FileVersion major="1" minor="6" />
	<Project>
		<Option title="yadsl_rnd" />
		<Option pch_mode="2" />
		<Option compiler="gcc" />
		<Build>
			<Target title="Debug">
				<Option output="bin\Debug\yadsl_rnd" prefix_auto="1" extension_auto="1" />
				<Option object_output="obj\Debug\" />
				<Option type="1" />
				<Option compiler="gcc" />
				<Compiler>
					<Add option="-g" />
					<Add option="-DYADSL_USE_WXDEBUG" />
				</Compiler>
			</Target>
			<Target title="Release">
				<Option output="bin\Release\yadsl_rnd" prefix_auto="1" extension_auto="1" />
				<Option object_output="obj\Release\" />
				<Option type="1" />
				<Option compiler="gcc" />
				<Compiler>
					<Add option="-O2" />
				</Compiler>
				<Linker>
					<Add option="-s" />
				</Linker>
			</Target>
		</Build>
		<Compiler>
			<Add option="-Wall" />
			<Add option="-DwxUSE_GUI=0" />
			<Add option="-DYADSL_USE_IDVALUEVECTOR_IN_ENTITY" />
			<Add option="-DYADSL_USE_OWNLIST_IN_ENTITY" />
			<Add directory="D:\Development\SourceCode\GUI\wxWidgets-3.0.2\include" />
			<Add directory="D:\Development\SourceCode\GUI\wxWidgets-3.0.2\lib\gcc_lib\mswu" />
		</Compiler>
		<Linker>
			<Add library="wxbase30u" />
			<Add library="user32" />
			<Add library="kernel32" />
			<Add library="ole32" />
			<Add library="uuid" />
			<Add directory="D:\Development\SourceCode\GUI\wxWidgets-3.0.2\lib\gcc_lib" />
		</Linker>
		<Unit filename="..\src\BaseTypes.h" />
		<Unit filename="..\src\ClassInstMemBlockPool.h" />
		<Unit filename="..\src\EC_Manager.h" />
		<Unit filename="..\src\Entity.cpp" />
		<Unit filename="..\src\Entity.h" />
		<Unit filename="..\src\HierNode.cpp" />
		<Unit filename="..\src\HierNode.h" />
		<Unit filename="..\src\IdValueVector.h" />
		<Unit filename="..\src\List.h" />
		<Unit filename="..\src\NamedHierNode.cpp" />
		<Unit filename="..\src\NamedHierNode.h" />
		<Unit filename="..\src\StlListAlloc.cpp" />
		<Unit filename="..\src\StlListAlloc.h" />
		<Unit filename="..\src\UniqIntGen.cpp" />
		<Unit filename="..\src\UniqIntGen.h" />
		<Unit filename="..\src\Utils.h" />
		<Unit filename="..\src\rnd_main.cpp" />
		<Extensions>
			<code_completion />
			<debugger />
		</Extensions>
	</Project>
</CodeBlocks_project_file>
